
Microsoft Visual Studio Solution File, Format Version 12.00
# Visual Studio Version 17
VisualStudioVersion = 17.0.31903.59
MinimumVisualStudioVersion = 10.0.40219.1
Project("{2150E333-8FDC-42A3-9474-1A3956D46DE8}") = "src", "src", "{B8D56E27-1564-4DB6-B0CD-0E41BA73E524}"
EndProject
Project("{FAE04EC0-301F-11D3-BF4B-00C04F79EFBC}") = "LibroFacil.Domain", "src\LibroFacil.Domain\LibroFacil.Domain.csproj", "{21241608-DCB7-4A8A-9081-3AA1BBF09772}"
EndProject
Project("{FAE04EC0-301F-11D3-BF4B-00C04F79EFBC}") = "LibroFacil.Application", "src\LibroFacil.Application\LibroFacil.Application.csproj", "{23E6BF83-B872-489D-9D10-A5D2C063EB4A}"
EndProject
Project("{FAE04EC0-301F-11D3-BF4B-00C04F79EFBC}") = "LibroFacil.Infrastructure", "src\LibroFacil.Infrastructure\LibroFacil.Infrastructure.csproj", "{2D4D585E-4947-479A-8069-8962E9753C4D}"
EndProject
Project("{FAE04EC0-301F-11D3-BF4B-00C04F79EFBC}") = "LibroFacil.Api", "src\LibroFacil.Api\LibroFacil.Api.csproj", "{43923663-83EB-46A6-A118-1DE8186F31C7}"
EndProject
Global
	GlobalSection(SolutionConfigurationPlatforms) = preSolution
		Debug|Any CPU = Debug|Any CPU
		Release|Any CPU = Release|Any CPU
	EndGlobalSection
	GlobalSection(SolutionProperties) = preSolution
		HideSolutionNode = FALSE
	EndGlobalSection
	GlobalSection(ProjectConfigurationPlatforms) = postSolution
		{21241608-DCB7-4A8A-9081-3AA1BBF09772}.Debug|Any CPU.ActiveCfg = Debug|Any CPU
		{21241608-DCB7-4A8A-9081-3AA1BBF09772}.Debug|Any CPU.Build.0 = Debug|Any CPU
		{21241608-DCB7-4A8A-9081-3AA1BBF09772}.Release|Any CPU.ActiveCfg = Release|Any CPU
		{21241608-DCB7-4A8A-9081-3AA1BBF09772}.Release|Any CPU.Build.0 = Release|Any CPU
		{23E6BF83-B872-489D-9D10-A5D2C063EB4A}.Debug|Any CPU.ActiveCfg = Debug|Any CPU
		{23E6BF83-B872-489D-9D10-A5D2C063EB4A}.Debug|Any CPU.Build.0 = Debug|Any CPU
		{23E6BF83-B872-489D-9D10-A5D2C063EB4A}.Release|Any CPU.ActiveCfg = Release|Any CPU
		{23E6BF83-B872-489D-9D10-A5D2C063EB4A}.Release|Any CPU.Build.0 = Release|Any CPU
		{2D4D585E-4947-479A-8069-8962E9753C4D}.Debug|Any CPU.ActiveCfg = Debug|Any CPU
		{2D4D585E-4947-479A-8069-8962E9753C4D}.Debug|Any CPU.Build.0 = Debug|Any CPU
		{2D4D585E-4947-479A-8069-8962E9753C4D}.Release|Any CPU.ActiveCfg = Release|Any CPU
		{2D4D585E-4947-479A-8069-8962E9753C4D}.Release|Any CPU.Build.0 = Release|Any CPU
		{43923663-83EB-46A6-A118-1DE8186F31C7}.Debug|Any CPU.ActiveCfg = Debug|Any CPU
		{43923663-83EB-46A6-A118-1DE8186F31C7}.Debug|Any CPU.Build.0 = Debug|Any CPU
		{43923663-83EB-46A6-A118-1DE8186F31C7}.Release|Any CPU.ActiveCfg = Release|Any CPU
		{43923663-83EB-46A6-A118-1DE8186F31C7}.Release|Any CPU.Build.0 = Release|Any CPU
	EndGlobalSection
	GlobalSection(NestedProjects) = preSolution
		{21241608-DCB7-4A8A-9081-3AA1BBF09772} = {B8D56E27-1564-4DB6-B0CD-0E41BA73E524}
		{23E6BF83-B872-489D-9D10-A5D2C063EB4A} = {B8D56E27-1564-4DB6-B0CD-0E41BA73E524}
		{2D4D585E-4947-479A-8069-8962E9753C4D} = {B8D56E27-1564-4DB6-B0CD-0E41BA73E524}
		{43923663-83EB-46A6-A118-1DE8186F31C7} = {B8D56E27-1564-4DB6-B0CD-0E41BA73E524}
	EndGlobalSection
EndGlobal
